
Microsoft Visual Studio Solution File, Format Version 12.00
# Visual Studio Version 17
VisualStudioVersion = 17.7.34031.279
MinimumVisualStudioVersion = 10.0.40219.1
Project("{FAE04EC0-301F-11D3-BF4B-00C04F79EFBC}") = "Hotel Booking System", "Hotel Booking System\Hotel Booking System.csproj", "{1A418E87-F143-444E-A81C-BF22F67EF707}"
EndProject
Global
	GlobalSection(SolutionConfigurationPlatforms) = preSolution
		Debug|Any CPU = Debug|Any CPU
		Release|Any CPU = Release|Any CPU
	EndGlobalSection
	GlobalSection(ProjectConfigurationPlatforms) = postSolution
		{1A418E87-F143-444E-A81C-BF22F67EF707}.Debug|Any CPU.ActiveCfg = Debug|Any CPU
		{1A418E87-F143-444E-A81C-BF22F67EF707}.Debug|Any CPU.Build.0 = Debug|Any CPU
		{1A418E87-F143-444E-A81C-BF22F67EF707}.Release|Any CPU.ActiveCfg = Release|Any CPU
		{1A418E87-F143-444E-A81C-BF22F67EF707}.Release|Any CPU.Build.0 = Release|Any CPU
	EndGlobalSection
	GlobalSection(SolutionProperties) = preSolution
		HideSolutionNode = FALSE
	EndGlobalSection
	GlobalSection(ExtensibilityGlobals) = postSolution
		SolutionGuid = {FC4FC949-06B9-4427-A491-A0034F377F93}
	EndGlobalSection
EndGlobal
